
Microsoft Visual Studio Solution File, Format Version 12.00
# Visual Studio 15
VisualStudioVersion = 15.0.27428.2037
MinimumVisualStudioVersion = 10.0.40219.1
Project("{FAE04EC0-301F-11D3-BF4B-00C04F79EFBC}") = "DianPinServer", "DianPinServer\DianPinServer.csproj", "{7F442A69-96FB-4551-823E-0170C7419076}"
EndProject
Global
	GlobalSection(SolutionConfigurationPlatforms) = preSolution
		Debug|Any CPU = Debug|Any CPU
		Release|Any CPU = Release|Any CPU
	EndGlobalSection
	GlobalSection(ProjectConfigurationPlatforms) = postSolution
		{7F442A69-96FB-4551-823E-0170C7419076}.Debug|Any CPU.ActiveCfg = Debug|Any CPU
		{7F442A69-96FB-4551-823E-0170C7419076}.Debug|Any CPU.Build.0 = Debug|Any CPU
		{7F442A69-96FB-4551-823E-0170C7419076}.Release|Any CPU.ActiveCfg = Release|Any CPU
		{7F442A69-96FB-4551-823E-0170C7419076}.Release|Any CPU.Build.0 = Release|Any CPU
	EndGlobalSection
	GlobalSection(SolutionProperties) = preSolution
		HideSolutionNode = FALSE
	EndGlobalSection
	GlobalSection(ExtensibilityGlobals) = postSolution
		SolutionGuid = {D8A3FAC5-E66B-4960-8FFE-CD9D57581C44}
	EndGlobalSection
EndGlobal
